// !$*UTF8*$!
{
	archiveVersion = 1;
	classes = {
	};
	objectVersion = 50;
	objects = {

/* Begin PBXBuildFile section */
		52D88E66223803D700DF57C3 /* AppDelegate.swift in Sources */ = {isa = PBXBuildFile; fileRef = 52D88E65223803D700DF57C3 /* AppDelegate.swift */; };
		52D88E6D223803D900DF57C3 /* Assets.xcassets in Resources */ = {isa = PBXBuildFile; fileRef = 52D88E6C223803D900DF57C3 /* Assets.xcassets */; };
		52D88E70223803D900DF57C3 /* LaunchScreen.storyboard in Resources */ = {isa = PBXBuildFile; fileRef = 52D88E6E223803D900DF57C3 /* LaunchScreen.storyboard */; };
		52D88E7A22390A7600DF57C3 /* DayModel.swift in Sources */ = {isa = PBXBuildFile; fileRef = 52D88E7922390A7600DF57C3 /* DayModel.swift */; };
		52D88E7C22390A8300DF57C3 /* DayFunctions.swift in Sources */ = {isa = PBXBuildFile; fileRef = 52D88E7B22390A8300DF57C3 /* DayFunctions.swift */; };
		52D88E7E22392BCA00DF57C3 /* Data.swift in Sources */ = {isa = PBXBuildFile; fileRef = 52D88E7D22392BCA00DF57C3 /* Data.swift */; };
		52D88E81223935C100DF57C3 /* DaysViewController.swift in Sources */ = {isa = PBXBuildFile; fileRef = 52D88E80223935C100DF57C3 /* DaysViewController.swift */; };
		52D88E83223935D800DF57C3 /* DaysViewController.storyboard in Resources */ = {isa = PBXBuildFile; fileRef = 52D88E82223935D800DF57C3 /* DaysViewController.storyboard */; };
/* End PBXBuildFile section */

/* Begin PBXFileReference section */
		52D88E62223803D700DF57C3 /* Workout trekking.app */ = {isa = PBXFileReference; explicitFileType = wrapper.application; includeInIndex = 0; path = "Workout trekking.app"; sourceTree = BUILT_PRODUCTS_DIR; };
		52D88E65223803D700DF57C3 /* AppDelegate.swift */ = {isa = PBXFileReference; lastKnownFileType = sourcecode.swift; path = AppDelegate.swift; sourceTree = "<group>"; };
		52D88E6C223803D900DF57C3 /* Assets.xcassets */ = {isa = PBXFileReference; lastKnownFileType = folder.assetcatalog; path = Assets.xcassets; sourceTree = "<group>"; };
		52D88E6F223803D900DF57C3 /* Base */ = {isa = PBXFileReference; lastKnownFileType = file.storyboard; name = Base; path = Base.lproj/LaunchScreen.storyboard; sourceTree = "<group>"; };
		52D88E71223803D900DF57C3 /* Info.plist */ = {isa = PBXFileReference; lastKnownFileType = text.plist.xml; path = Info.plist; sourceTree = "<group>"; };
		52D88E7922390A7600DF57C3 /* DayModel.swift */ = {isa = PBXFileReference; lastKnownFileType = sourcecode.swift; path = DayModel.swift; sourceTree = "<group>"; };
		52D88E7B22390A8300DF57C3 /* DayFunctions.swift */ = {isa = PBXFileReference; lastKnownFileType = sourcecode.swift; path = DayFunctions.swift; sourceTree = "<group>"; };
		52D88E7D22392BCA00DF57C3 /* Data.swift */ = {isa = PBXFileReference; lastKnownFileType = sourcecode.swift; path = Data.swift; sourceTree = "<group>"; };
		52D88E80223935C100DF57C3 /* DaysViewController.swift */ = {isa = PBXFileReference; lastKnownFileType = sourcecode.swift; path = DaysViewController.swift; sourceTree = "<group>"; };
		52D88E82223935D800DF57C3 /* DaysViewController.storyboard */ = {isa = PBXFileReference; lastKnownFileType = file.storyboard; path = DaysViewController.storyboard; sourceTree = "<group>"; };
/* End PBXFileReference section */

/* Begin PBXFrameworksBuildPhase section */
		52D88E5F223803D700DF57C3 /* Frameworks */ = {
			isa = PBXFrameworksBuildPhase;
			buildActionMask = 2147483647;
			files = (
			);
			runOnlyForDeploymentPostprocessing = 0;
		};
/* End PBXFrameworksBuildPhase section */

/* Begin PBXGroup section */
		52D88E59223803D700DF57C3 = {
			isa = PBXGroup;
			children = (
				52D88E64223803D700DF57C3 /* Workout trekking */,
				52D88E63223803D700DF57C3 /* Products */,
			);
			sourceTree = "<group>";
		};
		52D88E63223803D700DF57C3 /* Products */ = {
			isa = PBXGroup;
			children = (
				52D88E62223803D700DF57C3 /* Workout trekking.app */,
			);
			name = Products;
			sourceTree = "<group>";
		};
		52D88E64223803D700DF57C3 /* Workout trekking */ = {
			isa = PBXGroup;
			children = (
				52D88E7722390A2A00DF57C3 /* Model */,
				52D88E7F2239358F00DF57C3 /* View */,
				52D88E65223803D700DF57C3 /* AppDelegate.swift */,
				52D88E6C223803D900DF57C3 /* Assets.xcassets */,
				52D88E6E223803D900DF57C3 /* LaunchScreen.storyboard */,
				52D88E71223803D900DF57C3 /* Info.plist */,
			);
			path = "Workout trekking";
			sourceTree = "<group>";
		};
		52D88E7722390A2A00DF57C3 /* Model */ = {
			isa = PBXGroup;
			children = (
				52D88E7D22392BCA00DF57C3 /* Data.swift */,
				52D88E7822390A3F00DF57C3 /* Day model */,
			);
			path = Model;
			sourceTree = "<group>";
		};
		52D88E7822390A3F00DF57C3 /* Day model */ = {
			isa = PBXGroup;
			children = (
				52D88E7922390A7600DF57C3 /* DayModel.swift */,
				52D88E7B22390A8300DF57C3 /* DayFunctions.swift */,
			);
			path = "Day model";
			sourceTree = "<group>";
		};
		52D88E7F2239358F00DF57C3 /* View */ = {
			isa = PBXGroup;
			children = (
				52D88E842239361F00DF57C3 /* Days */,
			);
			path = View;
			sourceTree = "<group>";
		};
		52D88E842239361F00DF57C3 /* Days */ = {
			isa = PBXGroup;
			children = (
				52D88E80223935C100DF57C3 /* DaysViewController.swift */,
				52D88E82223935D800DF57C3 /* DaysViewController.storyboard */,
			);
			path = Days;
			sourceTree = "<group>";
		};
/* End PBXGroup section */

/* Begin PBXNativeTarget section */
		52D88E61223803D700DF57C3 /* Workout trekking */ = {
			isa = PBXNativeTarget;
			buildConfigurationList = 52D88E74223803D900DF57C3 /* Build configuration list for PBXNativeTarget "Workout trekking" */;
			buildPhases = (
				52D88E5E223803D700DF57C3 /* Sources */,
				52D88E5F223803D700DF57C3 /* Frameworks */,
				52D88E60223803D700DF57C3 /* Resources */,
			);
			buildRules = (
			);
			dependencies = (
			);
			name = "Workout trekking";
			productName = "Workout trekking";
			productReference = 52D88E62223803D700DF57C3 /* Workout trekking.app */;
			productType = "com.apple.product-type.application";
		};
/* End PBXNativeTarget section */

/* Begin PBXProject section */
		52D88E5A223803D700DF57C3 /* Project object */ = {
			isa = PBXProject;
			attributes = {
				LastSwiftUpdateCheck = 1010;
				LastUpgradeCheck = 1010;
				ORGANIZATIONNAME = Peanch;
				TargetAttributes = {
					52D88E61223803D700DF57C3 = {
						CreatedOnToolsVersion = 10.1;
					};
				};
			};
			buildConfigurationList = 52D88E5D223803D700DF57C3 /* Build configuration list for PBXProject "Workout trekking" */;
			compatibilityVersion = "Xcode 9.3";
			developmentRegion = en;
			hasScannedForEncodings = 0;
			knownRegions = (
				en,
				Base,
			);
			mainGroup = 52D88E59223803D700DF57C3;
			productRefGroup = 52D88E63223803D700DF57C3 /* Products */;
			projectDirPath = "";
			projectRoot = "";
			targets = (
				52D88E61223803D700DF57C3 /* Workout trekking */,
			);
		};
/* End PBXProject section */

/* Begin PBXResourcesBuildPhase section */
		52D88E60223803D700DF57C3 /* Resources */ = {
			isa = PBXResourcesBuildPhase;
			buildActionMask = 2147483647;
			files = (
				52D88E83223935D800DF57C3 /* DaysViewController.storyboard in Resources */,
				52D88E70223803D900DF57C3 /* LaunchScreen.storyboard in Resources */,
				52D88E6D223803D900DF57C3 /* Assets.xcassets in Resources */,
			);
			runOnlyForDeploymentPostprocessing = 0;
		};
/* End PBXResourcesBuildPhase section */

/* Begin PBXSourcesBuildPhase section */
		52D88E5E223803D700DF57C3 /* Sources */ = {
			isa = PBXSourcesBuildPhase;
			buildActionMask = 2147483647;
			files = (
				52D88E7C22390A8300DF57C3 /* DayFunctions.swift in Sources */,
				52D88E7E22392BCA00DF57C3 /* Data.swift in Sources */,
				52D88E7A22390A7600DF57C3 /* DayModel.swift in Sources */,
				52D88E81223935C100DF57C3 /* DaysViewController.swift in Sources */,
				52D88E66223803D700DF57C3 /* AppDelegate.swift in Sources */,
			);
			runOnlyForDeploymentPostprocessing = 0;
		};
/* End PBXSourcesBuildPhase section */

/* Begin PBXVariantGroup section */
		52D88E6E223803D900DF57C3 /* LaunchScreen.storyboard */ = {
			isa = PBXVariantGroup;
			children = (
				52D88E6F223803D900DF57C3 /* Base */,
			);
			name = LaunchScreen.storyboard;
			sourceTree = "<group>";
		};
/* End PBXVariantGroup section */

/* Begin XCBuildConfiguration section */
		52D88E72223803D900DF57C3 /* Debug */ = {
			isa = XCBuildConfiguration;
			buildSettings = {
				ALWAYS_SEARCH_USER_PATHS = NO;
				CLANG_ANALYZER_NONNULL = YES;
				CLANG_ANALYZER_NUMBER_OBJECT_CONVERSION = YES_AGGRESSIVE;
				CLANG_CXX_LANGUAGE_STANDARD = "gnu++14";
				CLANG_CXX_LIBRARY = "libc++";
				CLANG_ENABLE_MODULES = YES;
				CLANG_ENABLE_OBJC_ARC = YES;
				CLANG_ENABLE_OBJC_WEAK = YES;
				CLANG_WARN_BLOCK_CAPTURE_AUTORELEASING = YES;
				CLANG_WARN_BOOL_CONVERSION = YES;
				CLANG_WARN_COMMA = YES;
				CLANG_WARN_CONSTANT_CONVERSION = YES;
				CLANG_WARN_DEPRECATED_OBJC_IMPLEMENTATIONS = YES;
				CLANG_WARN_DIRECT_OBJC_ISA_USAGE = YES_ERROR;
				CLANG_WARN_DOCUMENTATION_COMMENTS = YES;
				CLANG_WARN_EMPTY_BODY = YES;
				CLANG_WARN_ENUM_CONVERSION = YES;
				CLANG_WARN_INFINITE_RECURSION = YES;
				CLANG_WARN_INT_CONVERSION = YES;
				CLANG_WARN_NON_LITERAL_NULL_CONVERSION = YES;
				CLANG_WARN_OBJC_IMPLICIT_RETAIN_SELF = YES;
				CLANG_WARN_OBJC_LITERAL_CONVERSION = YES;
				CLANG_WARN_OBJC_ROOT_CLASS = YES_ERROR;
				CLANG_WARN_RANGE_LOOP_ANALYSIS = YES;
				CLANG_WARN_STRICT_PROTOTYPES = YES;
				CLANG_WARN_SUSPICIOUS_MOVE = YES;
				CLANG_WARN_UNGUARDED_AVAILABILITY = YES_AGGRESSIVE;
				CLANG_WARN_UNREACHABLE_CODE = YES;
				CLANG_WARN__DUPLICATE_METHOD_MATCH = YES;
				CODE_SIGN_IDENTITY = "iPhone Developer";
				COPY_PHASE_STRIP = NO;
				DEBUG_INFORMATION_FORMAT = dwarf;
				ENABLE_STRICT_OBJC_MSGSEND = YES;
				ENABLE_TESTABILITY = YES;
				GCC_C_LANGUAGE_STANDARD = gnu11;
				GCC_DYNAMIC_NO_PIC = NO;
				GCC_NO_COMMON_BLOCKS = YES;
				GCC_OPTIMIZATION_LEVEL = 0;
				GCC_PREPROCESSOR_DEFINITIONS = (
					"DEBUG=1",
					"$(inherited)",
				);
				GCC_WARN_64_TO_32_BIT_CONVERSION = YES;
				GCC_WARN_ABOUT_RETURN_TYPE = YES_ERROR;
				GCC_WARN_UNDECLARED_SELECTOR = YES;
				GCC_WARN_UNINITIALIZED_AUTOS = YES_AGGRESSIVE;
				GCC_WARN_UNUSED_FUNCTION = YES;
				GCC_WARN_UNUSED_VARIABLE = YES;
				IPHONEOS_DEPLOYMENT_TARGET = 12.1;
				MTL_ENABLE_DEBUG_INFO = INCLUDE_SOURCE;
				MTL_FAST_MATH = YES;
				ONLY_ACTIVE_ARCH = YES;
				SDKROOT = iphoneos;
				SWIFT_ACTIVE_COMPILATION_CONDITIONS = DEBUG;
				SWIFT_OPTIMIZATION_LEVEL = "-Onone";
			};
			name = Debug;
		};
		52D88E73223803D900DF57C3 /* Release */ = {
			isa = XCBuildConfiguration;
			buildSettings = {
				ALWAYS_SEARCH_USER_PATHS = NO;
				CLANG_ANALYZER_NONNULL = YES;
				CLANG_ANALYZER_NUMBER_OBJECT_CONVERSION = YES_AGGRESSIVE;
				CLANG_CXX_LANGUAGE_STANDARD = "gnu++14";
				CLANG_CXX_LIBRARY = "libc++";
				CLANG_ENABLE_MODULES = YES;
				CLANG_ENABLE_OBJC_ARC = YES;
				CLANG_ENABLE_OBJC_WEAK = YES;
				CLANG_WARN_BLOCK_CAPTURE_AUTORELEASING = YES;
				CLANG_WARN_BOOL_CONVERSION = YES;
				CLANG_WARN_COMMA = YES;
				CLANG_WARN_CONSTANT_CONVERSION = YES;
				CLANG_WARN_DEPRECATED_OBJC_IMPLEMENTATIONS = YES;
				CLANG_WARN_DIRECT_OBJC_ISA_USAGE = YES_ERROR;
				CLANG_WARN_DOCUMENTATION_COMMENTS = YES;
				CLANG_WARN_EMPTY_BODY = YES;
				CLANG_WARN_ENUM_CONVERSION = YES;
				CLANG_WARN_INFINITE_RECURSION = YES;
				CLANG_WARN_INT_CONVERSION = YES;
				CLANG_WARN_NON_LITERAL_NULL_CONVERSION = YES;
				CLANG_WARN_OBJC_IMPLICIT_RETAIN_SELF = YES;
				CLANG_WARN_OBJC_LITERAL_CONVERSION = YES;
				CLANG_WARN_OBJC_ROOT_CLASS = YES_ERROR;
				CLANG_WARN_RANGE_LOOP_ANALYSIS = YES;
				CLANG_WARN_STRICT_PROTOTYPES = YES;
				CLANG_WARN_SUSPICIOUS_MOVE = YES;
				CLANG_WARN_UNGUARDED_AVAILABILITY = YES_AGGRESSIVE;
				CLANG_WARN_UNREACHABLE_CODE = YES;
				CLANG_WARN__DUPLICATE_METHOD_MATCH = YES;
				CODE_SIGN_IDENTITY = "iPhone Developer";
				COPY_PHASE_STRIP = NO;
				DEBUG_INFORMATION_FORMAT = "dwarf-with-dsym";
				ENABLE_NS_ASSERTIONS = NO;
				ENABLE_STRICT_OBJC_MSGSEND = YES;
				GCC_C_LANGUAGE_STANDARD = gnu11;
				GCC_NO_COMMON_BLOCKS = YES;
				GCC_WARN_64_TO_32_BIT_CONVERSION = YES;
				GCC_WARN_ABOUT_RETURN_TYPE = YES_ERROR;
				GCC_WARN_UNDECLARED_SELECTOR = YES;
				GCC_WARN_UNINITIALIZED_AUTOS = YES_AGGRESSIVE;
				GCC_WARN_UNUSED_FUNCTION = YES;
				GCC_WARN_UNUSED_VARIABLE = YES;
				IPHONEOS_DEPLOYMENT_TARGET = 12.1;
				MTL_ENABLE_DEBUG_INFO = NO;
				MTL_FAST_MATH = YES;
				SDKROOT = iphoneos;
				SWIFT_COMPILATION_MODE = wholemodule;
				SWIFT_OPTIMIZATION_LEVEL = "-O";
				VALIDATE_PRODUCT = YES;
			};
			name = Release;
		};
		52D88E75223803D900DF57C3 /* Debug */ = {
			isa = XCBuildConfiguration;
			buildSettings = {
				ASSETCATALOG_COMPILER_APPICON_NAME = AppIcon;
				CODE_SIGN_STYLE = Automatic;
				DEVELOPMENT_TEAM = F7NE977W3V;
				INFOPLIST_FILE = "Workout trekking/Info.plist";
				LD_RUNPATH_SEARCH_PATHS = (
					"$(inherited)",
					"@executable_path/Frameworks",
				);
				PRODUCT_BUNDLE_IDENTIFIER = "Mike-s.Workout-trekking";
				PRODUCT_NAME = "$(TARGET_NAME)";
				SWIFT_VERSION = 4.2;
				TARGETED_DEVICE_FAMILY = "1,2";
			};
			name = Debug;
		};
		52D88E76223803D900DF57C3 /* Release */ = {
			isa = XCBuildConfiguration;
			buildSettings = {
				ASSETCATALOG_COMPILER_APPICON_NAME = AppIcon;
				CODE_SIGN_STYLE = Automatic;
				DEVELOPMENT_TEAM = F7NE977W3V;
				INFOPLIST_FILE = "Workout trekking/Info.plist";
				LD_RUNPATH_SEARCH_PATHS = (
					"$(inherited)",
					"@executable_path/Frameworks",
				);
				PRODUCT_BUNDLE_IDENTIFIER = "Mike-s.Workout-trekking";
				PRODUCT_NAME = "$(TARGET_NAME)";
				SWIFT_VERSION = 4.2;
				TARGETED_DEVICE_FAMILY = "1,2";
			};
			name = Release;
		};
/* End XCBuildConfiguration section */

/* Begin XCConfigurationList section */
		52D88E5D223803D700DF57C3 /* Build configuration list for PBXProject "Workout trekking" */ = {
			isa = XCConfigurationList;
			buildConfigurations = (
				52D88E72223803D900DF57C3 /* Debug */,
				52D88E73223803D900DF57C3 /* Release */,
			);
			defaultConfigurationIsVisible = 0;
			defaultConfigurationName = Release;
		};
		52D88E74223803D900DF57C3 /* Build configuration list for PBXNativeTarget "Workout trekking" */ = {
			isa = XCConfigurationList;
			buildConfigurations = (
				52D88E75223803D900DF57C3 /* Debug */,
				52D88E76223803D900DF57C3 /* Release */,
			);
			defaultConfigurationIsVisible = 0;
			defaultConfigurationName = Release;
		};
/* End XCConfigurationList section */
	};
	rootObject = 52D88E5A223803D700DF57C3 /* Project object */;
}
